
Microsoft Visual Studio Solution File, Format Version 12.00
# Visual Studio Version 17
VisualStudioVersion = 17.7.34302.85
MinimumVisualStudioVersion = 10.0.40219.1
Project("{9A19103F-16F7-4668-BE54-9A1E7A4F7556}") = "JwtAuthorization.API", "JwtAuthorization.API\JwtAuthorization.API.csproj", "{B1FF1323-F010-4EEA-AE3E-DF0FE5828CBB}"
EndProject
Project("{9A19103F-16F7-4668-BE54-9A1E7A4F7556}") = "JwtAuthorization.BL", "JwtAuthorization.BL\JwtAuthorization.BL.csproj", "{93289642-8C6D-4172-AA88-7B9044FB60B3}"
EndProject
Project("{9A19103F-16F7-4668-BE54-9A1E7A4F7556}") = "JwtAuthorization.DB", "JwtAuthorization.DB\JwtAuthorization.DB.csproj", "{4F322C0D-6F24-4BF9-BE14-43C8B514670D}"
EndProject
Global
	GlobalSection(SolutionConfigurationPlatforms) = preSolution
		Debug|Any CPU = Debug|Any CPU
		Release|Any CPU = Release|Any CPU
	EndGlobalSection
	GlobalSection(ProjectConfigurationPlatforms) = postSolution
		{B1FF1323-F010-4EEA-AE3E-DF0FE5828CBB}.Debug|Any CPU.ActiveCfg = Debug|Any CPU
		{B1FF1323-F010-4EEA-AE3E-DF0FE5828CBB}.Debug|Any CPU.Build.0 = Debug|Any CPU
		{B1FF1323-F010-4EEA-AE3E-DF0FE5828CBB}.Release|Any CPU.ActiveCfg = Release|Any CPU
		{B1FF1323-F010-4EEA-AE3E-DF0FE5828CBB}.Release|Any CPU.Build.0 = Release|Any CPU
		{93289642-8C6D-4172-AA88-7B9044FB60B3}.Debug|Any CPU.ActiveCfg = Debug|Any CPU
		{93289642-8C6D-4172-AA88-7B9044FB60B3}.Debug|Any CPU.Build.0 = Debug|Any CPU
		{93289642-8C6D-4172-AA88-7B9044FB60B3}.Release|Any CPU.ActiveCfg = Release|Any CPU
		{93289642-8C6D-4172-AA88-7B9044FB60B3}.Release|Any CPU.Build.0 = Release|Any CPU
		{4F322C0D-6F24-4BF9-BE14-43C8B514670D}.Debug|Any CPU.ActiveCfg = Debug|Any CPU
		{4F322C0D-6F24-4BF9-BE14-43C8B514670D}.Debug|Any CPU.Build.0 = Debug|Any CPU
		{4F322C0D-6F24-4BF9-BE14-43C8B514670D}.Release|Any CPU.ActiveCfg = Release|Any CPU
		{4F322C0D-6F24-4BF9-BE14-43C8B514670D}.Release|Any CPU.Build.0 = Release|Any CPU
	EndGlobalSection
	GlobalSection(SolutionProperties) = preSolution
		HideSolutionNode = FALSE
	EndGlobalSection
	GlobalSection(ExtensibilityGlobals) = postSolution
		SolutionGuid = {6810BCA4-9A27-43B5-9D8B-A837EBAF1303}
	EndGlobalSection
EndGlobal
